
Microsoft Visual Studio Solution File, Format Version 12.00
# Visual Studio Version 16
VisualStudioVersion = 16.0.31129.286
MinimumVisualStudioVersion = 10.0.40219.1
Project("{FAE04EC0-301F-11D3-BF4B-00C04F79EFBC}") = "WordsFromWords", "WordsFromWords\WordsFromWords.csproj", "{B660C878-C9EB-4167-8DF0-D44168B36995}"
EndProject
Global
	GlobalSection(SolutionConfigurationPlatforms) = preSolution
		Debug|Any CPU = Debug|Any CPU
		Release|Any CPU = Release|Any CPU
	EndGlobalSection
	GlobalSection(ProjectConfigurationPlatforms) = postSolution
		{B660C878-C9EB-4167-8DF0-D44168B36995}.Debug|Any CPU.ActiveCfg = Debug|Any CPU
		{B660C878-C9EB-4167-8DF0-D44168B36995}.Debug|Any CPU.Build.0 = Debug|Any CPU
		{B660C878-C9EB-4167-8DF0-D44168B36995}.Release|Any CPU.ActiveCfg = Release|Any CPU
		{B660C878-C9EB-4167-8DF0-D44168B36995}.Release|Any CPU.Build.0 = Release|Any CPU
	EndGlobalSection
	GlobalSection(SolutionProperties) = preSolution
		HideSolutionNode = FALSE
	EndGlobalSection
	GlobalSection(ExtensibilityGlobals) = postSolution
		SolutionGuid = {263FCEF6-94FA-43BA-91FC-2BDA0BEB1B76}
	EndGlobalSection
EndGlobal
